// !$*UTF8*$!
{
	archiveVersion = 1;
	classes = {
	};
	objectVersion = 55;
	objects = {

/* Begin PBXBuildFile section */
		0B20F9B9FA62F5726041AF14 /* LandmarkDetailsDataFlow.swift in Sources */ = {isa = PBXBuildFile; fileRef = 8EDBCE92B1DF01B6A0707534 /* LandmarkDetailsDataFlow.swift */; };
		152765BB7C3DAED2241959B2 /* LandmarksDataFlow.swift in Sources */ = {isa = PBXBuildFile; fileRef = 4F569CFF74E96FBFB84D1A55 /* LandmarksDataFlow.swift */; };
		155791E455327096F7A6B8B4 /* LandmarkDetailsDataStore.swift in Sources */ = {isa = PBXBuildFile; fileRef = DA50224D1469AB9D8D05F3CA /* LandmarkDetailsDataStore.swift */; };
		259751D8CCCB2D71C83AB919 /* LandmarkDetailsModel.swift in Sources */ = {isa = PBXBuildFile; fileRef = 3BE6D9F3D10DFE00ADB837FF /* LandmarkDetailsModel.swift */; };
		379FD39EE93A5F6F1FA6BCC8 /* LandmarksDataStore.swift in Sources */ = {isa = PBXBuildFile; fileRef = 87587257778839ABD0C2F53F /* LandmarksDataStore.swift */; };
		493E4C1629125698006C95DF /* landmarkData.json in Resources */ = {isa = PBXBuildFile; fileRef = 493E4C1529125698006C95DF /* landmarkData.json */; };
		493E4C1829125919006C95DF /* DataProvider.swift in Sources */ = {isa = PBXBuildFile; fileRef = 493E4C1729125919006C95DF /* DataProvider.swift */; };
		493E4C1C29129A19006C95DF /* LandmarksFavoriteSwitcherCell.swift in Sources */ = {isa = PBXBuildFile; fileRef = 493E4C1B29129A19006C95DF /* LandmarksFavoriteSwitcherCell.swift */; };
		493E4C1F2912D2C7006C95DF /* Array.swift in Sources */ = {isa = PBXBuildFile; fileRef = 493E4C1E2912D2C7006C95DF /* Array.swift */; };
		496A8BD72911786B00973A59 /* AppDelegate.swift in Sources */ = {isa = PBXBuildFile; fileRef = 496A8BD62911786B00973A59 /* AppDelegate.swift */; };
		496A8BD92911786B00973A59 /* SceneDelegate.swift in Sources */ = {isa = PBXBuildFile; fileRef = 496A8BD82911786B00973A59 /* SceneDelegate.swift */; };
		496A8BE02911787400973A59 /* Assets.xcassets in Resources */ = {isa = PBXBuildFile; fileRef = 496A8BDF2911787400973A59 /* Assets.xcassets */; };
		496A8BE32911787400973A59 /* LaunchScreen.storyboard in Resources */ = {isa = PBXBuildFile; fileRef = 496A8BE12911787400973A59 /* LaunchScreen.storyboard */; };
		496A8BEB291190B100973A59 /* LandmarksViewModel.swift in Sources */ = {isa = PBXBuildFile; fileRef = 496A8BEA291190B100973A59 /* LandmarksViewModel.swift */; };
		496A8BED2911A1EA00973A59 /* LandmarkCell.swift in Sources */ = {isa = PBXBuildFile; fileRef = 496A8BEC2911A1EA00973A59 /* LandmarkCell.swift */; };
		496A8BEF2911AC9500973A59 /* LandmarksTableDataSource.swift in Sources */ = {isa = PBXBuildFile; fileRef = 496A8BEE2911AC9500973A59 /* LandmarksTableDataSource.swift */; };
		498971532912FD9B000E5281 /* LandmarkDetailsInteractorTests.swift in Sources */ = {isa = PBXBuildFile; fileRef = B674406E26533F03D3451682 /* LandmarkDetailsInteractorTests.swift */; };
		498971542912FD9B000E5281 /* LandmarkDetailsPresenterTests.swift in Sources */ = {isa = PBXBuildFile; fileRef = F55A4B2A2178CACBC8393D32 /* LandmarkDetailsPresenterTests.swift */; };
		498971552912FD9B000E5281 /* LandmarkDetailsServiceTests.swift in Sources */ = {isa = PBXBuildFile; fileRef = E4BD65383526AD3A4DB59D62 /* LandmarkDetailsServiceTests.swift */; };
		498971562912FD9B000E5281 /* LandmarkDetailsModelTests.swift in Sources */ = {isa = PBXBuildFile; fileRef = F72C764F335665CCC0021CF2 /* LandmarkDetailsModelTests.swift */; };
		498971572912FD9B000E5281 /* LandmarkDetailsViewControllerTests.swift in Sources */ = {isa = PBXBuildFile; fileRef = E6203A3F481BE86D4C26C262 /* LandmarkDetailsViewControllerTests.swift */; };
		498971582912FD9B000E5281 /* LandmarkDetailsBuilderTests.swift in Sources */ = {isa = PBXBuildFile; fileRef = E6089D19BC8DE7B7D9F663A0 /* LandmarkDetailsBuilderTests.swift */; };
		498971592912FD9B000E5281 /* LandmarkDetailsProviderTests.swift in Sources */ = {isa = PBXBuildFile; fileRef = 10724EAEAFDAFFE060CD5A74 /* LandmarkDetailsProviderTests.swift */; };
		49E15AE52911AFE500808829 /* LandmarksTableDelegate.swift in Sources */ = {isa = PBXBuildFile; fileRef = 49E15AE42911AFE500808829 /* LandmarksTableDelegate.swift */; };
		49E15AF22911BD1500808829 /* PlacesTests.swift in Sources */ = {isa = PBXBuildFile; fileRef = 49E15AF12911BD1500808829 /* PlacesTests.swift */; };
		49E15AF82911BD8100808829 /* PlacesModelTests.swift in Sources */ = {isa = PBXBuildFile; fileRef = 1B50F4AC840D4C614D5C7E64 /* PlacesModelTests.swift */; };
		49E15AF92911BD8100808829 /* PlacesViewControllerTests.swift in Sources */ = {isa = PBXBuildFile; fileRef = DDE0E35E43C5148AD9378CC5 /* PlacesViewControllerTests.swift */; };
		49E15AFA2911BD8100808829 /* PlacesInteractorTests.swift in Sources */ = {isa = PBXBuildFile; fileRef = 0A28DAE0C5A1C5906DC6FAF0 /* PlacesInteractorTests.swift */; };
		49E15AFB2911BD8100808829 /* PlacesPresenterTests.swift in Sources */ = {isa = PBXBuildFile; fileRef = 09D9A4C7D7359214AF58623B /* PlacesPresenterTests.swift */; };
		49E15AFC2911BD8100808829 /* PlacesServiceTests.swift in Sources */ = {isa = PBXBuildFile; fileRef = 5110F2693033C18D54C503F1 /* PlacesServiceTests.swift */; };
		49E15AFD2911BD8100808829 /* PlacesBuilderTests.swift in Sources */ = {isa = PBXBuildFile; fileRef = 02CA1DEC2C0CD92C644C2B86 /* PlacesBuilderTests.swift */; };
		49E15AFE2911BD8100808829 /* PlacesProviderTests.swift in Sources */ = {isa = PBXBuildFile; fileRef = A7BC1BA391B0F1F59731DA3C /* PlacesProviderTests.swift */; };
		49E15B022911BDEE00808829 /* Nimble.xcframework in Frameworks */ = {isa = PBXBuildFile; fileRef = 49E15B002911BDEE00808829 /* Nimble.xcframework */; };
		49E15B032911BDEE00808829 /* Quick.xcframework in Frameworks */ = {isa = PBXBuildFile; fileRef = 49E15B012911BDEE00808829 /* Quick.xcframework */; };
		49E15B052911BE2200808829 /* Nimble.xcframework in CopyFiles */ = {isa = PBXBuildFile; fileRef = 49E15B002911BDEE00808829 /* Nimble.xcframework */; settings = {ATTRIBUTES = (CodeSignOnCopy, RemoveHeadersOnCopy, ); }; };
		49E15B062911BE2200808829 /* Quick.xcframework in CopyFiles */ = {isa = PBXBuildFile; fileRef = 49E15B012911BDEE00808829 /* Quick.xcframework */; settings = {ATTRIBUTES = (CodeSignOnCopy, RemoveHeadersOnCopy, ); }; };
		49E15B082911BF7000808829 /* ModuleBuilder.swift in Sources */ = {isa = PBXBuildFile; fileRef = 49E15B072911BF7000808829 /* ModuleBuilder.swift */; };
		49E15B0A2911C61700808829 /* SnapKit.xcframework in Frameworks */ = {isa = PBXBuildFile; fileRef = 49E15B092911C61700808829 /* SnapKit.xcframework */; };
		49E15B0B2911C61700808829 /* SnapKit.xcframework in Embed Frameworks */ = {isa = PBXBuildFile; fileRef = 49E15B092911C61700808829 /* SnapKit.xcframework */; settings = {ATTRIBUTES = (CodeSignOnCopy, RemoveHeadersOnCopy, ); }; };
		809C0DAD05F33D3714BDA567 /* LandmarkModel.swift in Sources */ = {isa = PBXBuildFile; fileRef = 211C3A1FB820560E12A4A4C5 /* LandmarkModel.swift */; };
		964FE2CDDD485355081A8BC5 /* LandmarkDetailsView.swift in Sources */ = {isa = PBXBuildFile; fileRef = 231FEE81321964943780BC00 /* LandmarkDetailsView.swift */; };
		A13F107AFCD8583F77617411 /* LandmarksBuilder.swift in Sources */ = {isa = PBXBuildFile; fileRef = 7D17A357CC016D99BFFBD5E4 /* LandmarksBuilder.swift */; };
		A63078C43C322C06BBFBE0DA /* LandmarksInteractor.swift in Sources */ = {isa = PBXBuildFile; fileRef = 1E23CD132ACCD09ADAA25BA1 /* LandmarksInteractor.swift */; };
		A99524A189569A750AF13E49 /* LandmarksViewController.swift in Sources */ = {isa = PBXBuildFile; fileRef = CDCA3665BF0D7CD6FC6FB747 /* LandmarksViewController.swift */; };
		AF9762B958D5AB105E3FB12B /* LandmarksPresenter.swift in Sources */ = {isa = PBXBuildFile; fileRef = 1A806BD7C787705E35555119 /* LandmarksPresenter.swift */; };
		B904F9E7EF6E578021682F54 /* LandmarkDetailsProvider.swift in Sources */ = {isa = PBXBuildFile; fileRef = 92B873421BF681691BB69B98 /* LandmarkDetailsProvider.swift */; };
		BBDF811809488F0FD1C68288 /* LandmarkDetailsBuilder.swift in Sources */ = {isa = PBXBuildFile; fileRef = 27394496CDAC9011727EC3D1 /* LandmarkDetailsBuilder.swift */; };
		BC2A553231EAF3B31AB62082 /* LandmarksProvider.swift in Sources */ = {isa = PBXBuildFile; fileRef = FE9605C6A188454F4C1A00DA /* LandmarksProvider.swift */; };
		E0251032B45835F00F8B4D9F /* LandmarkDetailsViewController.swift in Sources */ = {isa = PBXBuildFile; fileRef = 1C6AEEBC547966447CAEEA66 /* LandmarkDetailsViewController.swift */; };
		E14DD687D1FFE2ACDE1B9044 /* LandmarksView.swift in Sources */ = {isa = PBXBuildFile; fileRef = C9D30E80856DDC005E86241F /* LandmarksView.swift */; };
		E71605BE194395699A664CD3 /* LandmarkDetailsInteractor.swift in Sources */ = {isa = PBXBuildFile; fileRef = 4F958A9C7718BF24298125EB /* LandmarkDetailsInteractor.swift */; };
		F3125ADD48F48575F54E0829 /* LandmarkDetailsService.swift in Sources */ = {isa = PBXBuildFile; fileRef = 4EA1AB09F8442AD0FBFBD560 /* LandmarkDetailsService.swift */; };
		F5F240AA27404D0DA881032D /* LandmarksService.swift in Sources */ = {isa = PBXBuildFile; fileRef = 98F86E1CB983EA91FE766D6A /* LandmarksService.swift */; };
		FEB75F5885FCB25FDEF917B1 /* LandmarkDetailsPresenter.swift in Sources */ = {isa = PBXBuildFile; fileRef = C432119C129AF3A49E3EC5AE /* LandmarkDetailsPresenter.swift */; };
/* End PBXBuildFile section */

/* Begin PBXContainerItemProxy section */
		49E15AF32911BD1500808829 /* PBXContainerItemProxy */ = {
			isa = PBXContainerItemProxy;
			containerPortal = 496A8BCB2911786B00973A59 /* Project object */;
			proxyType = 1;
			remoteGlobalIDString = 496A8BD22911786B00973A59;
			remoteInfo = Places;
		};
/* End PBXContainerItemProxy section */

/* Begin PBXCopyFilesBuildPhase section */
		49E15B042911BE0200808829 /* CopyFiles */ = {
			isa = PBXCopyFilesBuildPhase;
			buildActionMask = 2147483647;
			dstPath = "";
			dstSubfolderSpec = 10;
			files = (
				49E15B052911BE2200808829 /* Nimble.xcframework in CopyFiles */,
				49E15B062911BE2200808829 /* Quick.xcframework in CopyFiles */,
			);
			runOnlyForDeploymentPostprocessing = 0;
		};
		49E15B0C2911C61700808829 /* Embed Frameworks */ = {
			isa = PBXCopyFilesBuildPhase;
			buildActionMask = 2147483647;
			dstPath = "";
			dstSubfolderSpec = 10;
			files = (
				49E15B0B2911C61700808829 /* SnapKit.xcframework in Embed Frameworks */,
			);
			name = "Embed Frameworks";
			runOnlyForDeploymentPostprocessing = 0;
		};
/* End PBXCopyFilesBuildPhase section */

/* Begin PBXFileReference section */
		02CA1DEC2C0CD92C644C2B86 /* PlacesBuilderTests.swift */ = {isa = PBXFileReference; includeInIndex = 1; lastKnownFileType = sourcecode.swift; path = PlacesBuilderTests.swift; sourceTree = "<group>"; };
		09D9A4C7D7359214AF58623B /* PlacesPresenterTests.swift */ = {isa = PBXFileReference; includeInIndex = 1; lastKnownFileType = sourcecode.swift; path = PlacesPresenterTests.swift; sourceTree = "<group>"; };
		0A28DAE0C5A1C5906DC6FAF0 /* PlacesInteractorTests.swift */ = {isa = PBXFileReference; includeInIndex = 1; lastKnownFileType = sourcecode.swift; path = PlacesInteractorTests.swift; sourceTree = "<group>"; };
		10724EAEAFDAFFE060CD5A74 /* LandmarkDetailsProviderTests.swift */ = {isa = PBXFileReference; includeInIndex = 1; lastKnownFileType = sourcecode.swift; path = LandmarkDetailsProviderTests.swift; sourceTree = "<group>"; };
		1A806BD7C787705E35555119 /* LandmarksPresenter.swift */ = {isa = PBXFileReference; includeInIndex = 1; lastKnownFileType = sourcecode.swift; path = LandmarksPresenter.swift; sourceTree = "<group>"; };
		1B50F4AC840D4C614D5C7E64 /* PlacesModelTests.swift */ = {isa = PBXFileReference; includeInIndex = 1; lastKnownFileType = sourcecode.swift; path = PlacesModelTests.swift; sourceTree = "<group>"; };
		1C6AEEBC547966447CAEEA66 /* LandmarkDetailsViewController.swift */ = {isa = PBXFileReference; includeInIndex = 1; lastKnownFileType = sourcecode.swift; path = LandmarkDetailsViewController.swift; sourceTree = "<group>"; };
		1E23CD132ACCD09ADAA25BA1 /* LandmarksInteractor.swift */ = {isa = PBXFileReference; includeInIndex = 1; lastKnownFileType = sourcecode.swift; path = LandmarksInteractor.swift; sourceTree = "<group>"; };
		211C3A1FB820560E12A4A4C5 /* LandmarkModel.swift */ = {isa = PBXFileReference; includeInIndex = 1; lastKnownFileType = sourcecode.swift; path = LandmarkModel.swift; sourceTree = "<group>"; };
		231FEE81321964943780BC00 /* LandmarkDetailsView.swift */ = {isa = PBXFileReference; includeInIndex = 1; lastKnownFileType = sourcecode.swift; path = LandmarkDetailsView.swift; sourceTree = "<group>"; };
		27394496CDAC9011727EC3D1 /* LandmarkDetailsBuilder.swift */ = {isa = PBXFileReference; includeInIndex = 1; lastKnownFileType = sourcecode.swift; path = LandmarkDetailsBuilder.swift; sourceTree = "<group>"; };
		3BE6D9F3D10DFE00ADB837FF /* LandmarkDetailsModel.swift */ = {isa = PBXFileReference; includeInIndex = 1; lastKnownFileType = sourcecode.swift; path = LandmarkDetailsModel.swift; sourceTree = "<group>"; };
		493E4C1529125698006C95DF /* landmarkData.json */ = {isa = PBXFileReference; fileEncoding = 4; lastKnownFileType = text.json; path = landmarkData.json; sourceTree = "<group>"; };
		493E4C1729125919006C95DF /* DataProvider.swift */ = {isa = PBXFileReference; lastKnownFileType = sourcecode.swift; path = DataProvider.swift; sourceTree = "<group>"; };
		493E4C1B29129A19006C95DF /* LandmarksFavoriteSwitcherCell.swift */ = {isa = PBXFileReference; lastKnownFileType = sourcecode.swift; path = LandmarksFavoriteSwitcherCell.swift; sourceTree = "<group>"; };
		493E4C1E2912D2C7006C95DF /* Array.swift */ = {isa = PBXFileReference; lastKnownFileType = sourcecode.swift; path = Array.swift; sourceTree = "<group>"; };
		496A8BD32911786B00973A59 /* Places.app */ = {isa = PBXFileReference; explicitFileType = wrapper.application; includeInIndex = 0; path = Places.app; sourceTree = BUILT_PRODUCTS_DIR; };
		496A8BD62911786B00973A59 /* AppDelegate.swift */ = {isa = PBXFileReference; lastKnownFileType = sourcecode.swift; path = AppDelegate.swift; sourceTree = "<group>"; };
		496A8BD82911786B00973A59 /* SceneDelegate.swift */ = {isa = PBXFileReference; lastKnownFileType = sourcecode.swift; path = SceneDelegate.swift; sourceTree = "<group>"; };
		496A8BDF2911787400973A59 /* Assets.xcassets */ = {isa = PBXFileReference; lastKnownFileType = folder.assetcatalog; path = Assets.xcassets; sourceTree = "<group>"; };
		496A8BE22911787400973A59 /* Base */ = {isa = PBXFileReference; lastKnownFileType = file.storyboard; name = Base; path = Base.lproj/LaunchScreen.storyboard; sourceTree = "<group>"; };
		496A8BE42911787400973A59 /* Info.plist */ = {isa = PBXFileReference; lastKnownFileType = text.plist.xml; path = Info.plist; sourceTree = "<group>"; };
		496A8BEA291190B100973A59 /* LandmarksViewModel.swift */ = {isa = PBXFileReference; lastKnownFileType = sourcecode.swift; path = LandmarksViewModel.swift; sourceTree = "<group>"; };
		496A8BEC2911A1EA00973A59 /* LandmarkCell.swift */ = {isa = PBXFileReference; lastKnownFileType = sourcecode.swift; path = LandmarkCell.swift; sourceTree = "<group>"; };
		496A8BEE2911AC9500973A59 /* LandmarksTableDataSource.swift */ = {isa = PBXFileReference; lastKnownFileType = sourcecode.swift; path = LandmarksTableDataSource.swift; sourceTree = "<group>"; };
		49E15AE42911AFE500808829 /* LandmarksTableDelegate.swift */ = {isa = PBXFileReference; lastKnownFileType = sourcecode.swift; path = LandmarksTableDelegate.swift; sourceTree = "<group>"; };
		49E15AEF2911BD1500808829 /* PlacesTests.xctest */ = {isa = PBXFileReference; explicitFileType = wrapper.cfbundle; includeInIndex = 0; path = PlacesTests.xctest; sourceTree = BUILT_PRODUCTS_DIR; };
		49E15AF12911BD1500808829 /* PlacesTests.swift */ = {isa = PBXFileReference; lastKnownFileType = sourcecode.swift; path = PlacesTests.swift; sourceTree = "<group>"; };
		49E15B002911BDEE00808829 /* Nimble.xcframework */ = {isa = PBXFileReference; lastKnownFileType = wrapper.xcframework; name = Nimble.xcframework; path = Carthage/Build/Nimble.xcframework; sourceTree = "<group>"; };
		49E15B012911BDEE00808829 /* Quick.xcframework */ = {isa = PBXFileReference; lastKnownFileType = wrapper.xcframework; name = Quick.xcframework; path = Carthage/Build/Quick.xcframework; sourceTree = "<group>"; };
		49E15B072911BF7000808829 /* ModuleBuilder.swift */ = {isa = PBXFileReference; lastKnownFileType = sourcecode.swift; path = ModuleBuilder.swift; sourceTree = "<group>"; };
		49E15B092911C61700808829 /* SnapKit.xcframework */ = {isa = PBXFileReference; lastKnownFileType = wrapper.xcframework; name = SnapKit.xcframework; path = Carthage/Build/SnapKit.xcframework; sourceTree = "<group>"; };
		4EA1AB09F8442AD0FBFBD560 /* LandmarkDetailsService.swift */ = {isa = PBXFileReference; includeInIndex = 1; lastKnownFileType = sourcecode.swift; path = LandmarkDetailsService.swift; sourceTree = "<group>"; };
		4F569CFF74E96FBFB84D1A55 /* LandmarksDataFlow.swift */ = {isa = PBXFileReference; includeInIndex = 1; lastKnownFileType = sourcecode.swift; path = LandmarksDataFlow.swift; sourceTree = "<group>"; };
		4F958A9C7718BF24298125EB /* LandmarkDetailsInteractor.swift */ = {isa = PBXFileReference; includeInIndex = 1; lastKnownFileType = sourcecode.swift; path = LandmarkDetailsInteractor.swift; sourceTree = "<group>"; };
		5110F2693033C18D54C503F1 /* PlacesServiceTests.swift */ = {isa = PBXFileReference; includeInIndex = 1; lastKnownFileType = sourcecode.swift; path = PlacesServiceTests.swift; sourceTree = "<group>"; };
		7D17A357CC016D99BFFBD5E4 /* LandmarksBuilder.swift */ = {isa = PBXFileReference; includeInIndex = 1; lastKnownFileType = sourcecode.swift; path = LandmarksBuilder.swift; sourceTree = "<group>"; };
		87587257778839ABD0C2F53F /* LandmarksDataStore.swift */ = {isa = PBXFileReference; includeInIndex = 1; lastKnownFileType = sourcecode.swift; path = LandmarksDataStore.swift; sourceTree = "<group>"; };
		8EDBCE92B1DF01B6A0707534 /* LandmarkDetailsDataFlow.swift */ = {isa = PBXFileReference; includeInIndex = 1; lastKnownFileType = sourcecode.swift; path = LandmarkDetailsDataFlow.swift; sourceTree = "<group>"; };
		92B873421BF681691BB69B98 /* LandmarkDetailsProvider.swift */ = {isa = PBXFileReference; includeInIndex = 1; lastKnownFileType = sourcecode.swift; path = LandmarkDetailsProvider.swift; sourceTree = "<group>"; };
		98F86E1CB983EA91FE766D6A /* LandmarksService.swift */ = {isa = PBXFileReference; includeInIndex = 1; lastKnownFileType = sourcecode.swift; path = LandmarksService.swift; sourceTree = "<group>"; };
		A7BC1BA391B0F1F59731DA3C /* PlacesProviderTests.swift */ = {isa = PBXFileReference; includeInIndex = 1; lastKnownFileType = sourcecode.swift; path = PlacesProviderTests.swift; sourceTree = "<group>"; };
		B674406E26533F03D3451682 /* LandmarkDetailsInteractorTests.swift */ = {isa = PBXFileReference; includeInIndex = 1; lastKnownFileType = sourcecode.swift; path = LandmarkDetailsInteractorTests.swift; sourceTree = "<group>"; };
		C432119C129AF3A49E3EC5AE /* LandmarkDetailsPresenter.swift */ = {isa = PBXFileReference; includeInIndex = 1; lastKnownFileType = sourcecode.swift; path = LandmarkDetailsPresenter.swift; sourceTree = "<group>"; };
		C9D30E80856DDC005E86241F /* LandmarksView.swift */ = {isa = PBXFileReference; includeInIndex = 1; lastKnownFileType = sourcecode.swift; path = LandmarksView.swift; sourceTree = "<group>"; };
		CDCA3665BF0D7CD6FC6FB747 /* LandmarksViewController.swift */ = {isa = PBXFileReference; includeInIndex = 1; lastKnownFileType = sourcecode.swift; path = LandmarksViewController.swift; sourceTree = "<group>"; };
		DA50224D1469AB9D8D05F3CA /* LandmarkDetailsDataStore.swift */ = {isa = PBXFileReference; includeInIndex = 1; lastKnownFileType = sourcecode.swift; path = LandmarkDetailsDataStore.swift; sourceTree = "<group>"; };
		DDE0E35E43C5148AD9378CC5 /* PlacesViewControllerTests.swift */ = {isa = PBXFileReference; includeInIndex = 1; lastKnownFileType = sourcecode.swift; path = PlacesViewControllerTests.swift; sourceTree = "<group>"; };
		E4BD65383526AD3A4DB59D62 /* LandmarkDetailsServiceTests.swift */ = {isa = PBXFileReference; includeInIndex = 1; lastKnownFileType = sourcecode.swift; path = LandmarkDetailsServiceTests.swift; sourceTree = "<group>"; };
		E6089D19BC8DE7B7D9F663A0 /* LandmarkDetailsBuilderTests.swift */ = {isa = PBXFileReference; includeInIndex = 1; lastKnownFileType = sourcecode.swift; path = LandmarkDetailsBuilderTests.swift; sourceTree = "<group>"; };
		E6203A3F481BE86D4C26C262 /* LandmarkDetailsViewControllerTests.swift */ = {isa = PBXFileReference; includeInIndex = 1; lastKnownFileType = sourcecode.swift; path = LandmarkDetailsViewControllerTests.swift; sourceTree = "<group>"; };
		F55A4B2A2178CACBC8393D32 /* LandmarkDetailsPresenterTests.swift */ = {isa = PBXFileReference; includeInIndex = 1; lastKnownFileType = sourcecode.swift; path = LandmarkDetailsPresenterTests.swift; sourceTree = "<group>"; };
		F72C764F335665CCC0021CF2 /* LandmarkDetailsModelTests.swift */ = {isa = PBXFileReference; includeInIndex = 1; lastKnownFileType = sourcecode.swift; path = LandmarkDetailsModelTests.swift; sourceTree = "<group>"; };
		FE9605C6A188454F4C1A00DA /* LandmarksProvider.swift */ = {isa = PBXFileReference; includeInIndex = 1; lastKnownFileType = sourcecode.swift; path = LandmarksProvider.swift; sourceTree = "<group>"; };
/* End PBXFileReference section */

/* Begin PBXFrameworksBuildPhase section */
		496A8BD02911786B00973A59 /* Frameworks */ = {
			isa = PBXFrameworksBuildPhase;
			buildActionMask = 2147483647;
			files = (
				49E15B0A2911C61700808829 /* SnapKit.xcframework in Frameworks */,
			);
			runOnlyForDeploymentPostprocessing = 0;
		};
		49E15AEC2911BD1500808829 /* Frameworks */ = {
			isa = PBXFrameworksBuildPhase;
			buildActionMask = 2147483647;
			files = (
				49E15B022911BDEE00808829 /* Nimble.xcframework in Frameworks */,
				49E15B032911BDEE00808829 /* Quick.xcframework in Frameworks */,
			);
			runOnlyForDeploymentPostprocessing = 0;
		};
/* End PBXFrameworksBuildPhase section */

/* Begin PBXGroup section */
		0860B46BEF01840A155E98E7 /* Landmarks */ = {
			isa = PBXGroup;
			children = (
				AE0A8C1933AB8830FD871414 /* Model */,
				4C8627311A0FE5954D0AFBE6 /* Provider */,
				F15D0B95FCE0B281EECD021C /* View */,
				7D17A357CC016D99BFFBD5E4 /* LandmarksBuilder.swift */,
				CDCA3665BF0D7CD6FC6FB747 /* LandmarksViewController.swift */,
				1E23CD132ACCD09ADAA25BA1 /* LandmarksInteractor.swift */,
				1A806BD7C787705E35555119 /* LandmarksPresenter.swift */,
				4F569CFF74E96FBFB84D1A55 /* LandmarksDataFlow.swift */,
				496A8BEE2911AC9500973A59 /* LandmarksTableDataSource.swift */,
				49E15AE42911AFE500808829 /* LandmarksTableDelegate.swift */,
			);
			path = Landmarks;
			sourceTree = "<group>";
		};
		1080109F18EC47D2E5728178 /* Provider */ = {
			isa = PBXGroup;
			children = (
				92B873421BF681691BB69B98 /* LandmarkDetailsProvider.swift */,
				DA50224D1469AB9D8D05F3CA /* LandmarkDetailsDataStore.swift */,
				4EA1AB09F8442AD0FBFBD560 /* LandmarkDetailsService.swift */,
			);
			path = Provider;
			sourceTree = "<group>";
		};
		493E4C1A29125926006C95DF /* Helpers */ = {
			isa = PBXGroup;
			children = (
				493E4C1729125919006C95DF /* DataProvider.swift */,
			);
			path = Helpers;
			sourceTree = "<group>";
		};
		493E4C1D2912D2B6006C95DF /* Extensions */ = {
			isa = PBXGroup;
			children = (
				493E4C1E2912D2C7006C95DF /* Array.swift */,
			);
			path = Extensions;
			sourceTree = "<group>";
		};
		493E4C202912D2E0006C95DF /* App */ = {
			isa = PBXGroup;
			children = (
				496A8BD62911786B00973A59 /* AppDelegate.swift */,
				496A8BD82911786B00973A59 /* SceneDelegate.swift */,
				496A8BE42911787400973A59 /* Info.plist */,
			);
			path = App;
			sourceTree = "<group>";
		};
		493E4C212912D2FC006C95DF /* Resources */ = {
			isa = PBXGroup;
			children = (
				496A8BDF2911787400973A59 /* Assets.xcassets */,
				493E4C1529125698006C95DF /* landmarkData.json */,
			);
			path = Resources;
			sourceTree = "<group>";
		};
		496A8BCA2911786B00973A59 = {
			isa = PBXGroup;
			children = (
				496A8BD52911786B00973A59 /* Places */,
				49E15AF02911BD1500808829 /* PlacesTests */,
				496A8BD42911786B00973A59 /* Products */,
				49E15AFF2911BDEE00808829 /* Frameworks */,
			);
			sourceTree = "<group>";
		};
		496A8BD42911786B00973A59 /* Products */ = {
			isa = PBXGroup;
			children = (
				496A8BD32911786B00973A59 /* Places.app */,
				49E15AEF2911BD1500808829 /* PlacesTests.xctest */,
			);
			name = Products;
			sourceTree = "<group>";
		};
		496A8BD52911786B00973A59 /* Places */ = {
			isa = PBXGroup;
			children = (
				921679A528A0266A8B56789F /* Modules */,
				493E4C1A29125926006C95DF /* Helpers */,
				493E4C212912D2FC006C95DF /* Resources */,
				493E4C202912D2E0006C95DF /* App */,
				493E4C1D2912D2B6006C95DF /* Extensions */,
				496A8BE12911787400973A59 /* LaunchScreen.storyboard */,
			);
			path = Places;
			sourceTree = "<group>";
		};
		49E15AF02911BD1500808829 /* PlacesTests */ = {
			isa = PBXGroup;
			children = (
				7012FB1B3E1E56340B3A406A /* Tests */,
				49E15AF12911BD1500808829 /* PlacesTests.swift */,
				E92CE72D7794A39A2C6E9BE7 /* LandmarkDetails */,
			);
			path = PlacesTests;
			sourceTree = "<group>";
		};
		49E15AFF2911BDEE00808829 /* Frameworks */ = {
			isa = PBXGroup;
			children = (
				49E15B092911C61700808829 /* SnapKit.xcframework */,
				49E15B002911BDEE00808829 /* Nimble.xcframework */,
				49E15B012911BDEE00808829 /* Quick.xcframework */,
			);
			name = Frameworks;
			sourceTree = "<group>";
		};
		4C8627311A0FE5954D0AFBE6 /* Provider */ = {
			isa = PBXGroup;
			children = (
				FE9605C6A188454F4C1A00DA /* LandmarksProvider.swift */,
				87587257778839ABD0C2F53F /* LandmarksDataStore.swift */,
				98F86E1CB983EA91FE766D6A /* LandmarksService.swift */,
			);
			path = Provider;
			sourceTree = "<group>";
		};
		699154F628BBEAC59E047F94 /* Model */ = {
			isa = PBXGroup;
			children = (
				3BE6D9F3D10DFE00ADB837FF /* LandmarkDetailsModel.swift */,
			);
			path = Model;
			sourceTree = "<group>";
		};
		6B3A5764296664148BAE9748 /* LandmarkDetails */ = {
			isa = PBXGroup;
			children = (
				699154F628BBEAC59E047F94 /* Model */,
				1080109F18EC47D2E5728178 /* Provider */,
				F9256C3245181557B5B5CF62 /* View */,
				27394496CDAC9011727EC3D1 /* LandmarkDetailsBuilder.swift */,
				1C6AEEBC547966447CAEEA66 /* LandmarkDetailsViewController.swift */,
				4F958A9C7718BF24298125EB /* LandmarkDetailsInteractor.swift */,
				C432119C129AF3A49E3EC5AE /* LandmarkDetailsPresenter.swift */,
				8EDBCE92B1DF01B6A0707534 /* LandmarkDetailsDataFlow.swift */,
			);
			path = LandmarkDetails;
			sourceTree = "<group>";
		};
		7012FB1B3E1E56340B3A406A /* Tests */ = {
			isa = PBXGroup;
			children = (
				02CA1DEC2C0CD92C644C2B86 /* PlacesBuilderTests.swift */,
				DDE0E35E43C5148AD9378CC5 /* PlacesViewControllerTests.swift */,
				0A28DAE0C5A1C5906DC6FAF0 /* PlacesInteractorTests.swift */,
				09D9A4C7D7359214AF58623B /* PlacesPresenterTests.swift */,
				A7BC1BA391B0F1F59731DA3C /* PlacesProviderTests.swift */,
				5110F2693033C18D54C503F1 /* PlacesServiceTests.swift */,
				1B50F4AC840D4C614D5C7E64 /* PlacesModelTests.swift */,
			);
			path = Tests;
			sourceTree = "<group>";
		};
		921679A528A0266A8B56789F /* Modules */ = {
			isa = PBXGroup;
			children = (
				49E15B072911BF7000808829 /* ModuleBuilder.swift */,
				0860B46BEF01840A155E98E7 /* Landmarks */,
				6B3A5764296664148BAE9748 /* LandmarkDetails */,
			);
			path = Modules;
			sourceTree = "<group>";
		};
		92FBFA42CDB29DD197582066 /* Tests */ = {
			isa = PBXGroup;
			children = (
				E6089D19BC8DE7B7D9F663A0 /* LandmarkDetailsBuilderTests.swift */,
				E6203A3F481BE86D4C26C262 /* LandmarkDetailsViewControllerTests.swift */,
				B674406E26533F03D3451682 /* LandmarkDetailsInteractorTests.swift */,
				F55A4B2A2178CACBC8393D32 /* LandmarkDetailsPresenterTests.swift */,
				10724EAEAFDAFFE060CD5A74 /* LandmarkDetailsProviderTests.swift */,
				E4BD65383526AD3A4DB59D62 /* LandmarkDetailsServiceTests.swift */,
				F72C764F335665CCC0021CF2 /* LandmarkDetailsModelTests.swift */,
			);
			path = Tests;
			sourceTree = "<group>";
		};
		AE0A8C1933AB8830FD871414 /* Model */ = {
			isa = PBXGroup;
			children = (
				211C3A1FB820560E12A4A4C5 /* LandmarkModel.swift */,
				496A8BEA291190B100973A59 /* LandmarksViewModel.swift */,
			);
			path = Model;
			sourceTree = "<group>";
		};
		E92CE72D7794A39A2C6E9BE7 /* LandmarkDetails */ = {
			isa = PBXGroup;
			children = (
				92FBFA42CDB29DD197582066 /* Tests */,
			);
			path = LandmarkDetails;
			sourceTree = "<group>";
		};
		F15D0B95FCE0B281EECD021C /* View */ = {
			isa = PBXGroup;
			children = (
				C9D30E80856DDC005E86241F /* LandmarksView.swift */,
				496A8BEC2911A1EA00973A59 /* LandmarkCell.swift */,
				493E4C1B29129A19006C95DF /* LandmarksFavoriteSwitcherCell.swift */,
			);
			path = View;
			sourceTree = "<group>";
		};
		F9256C3245181557B5B5CF62 /* View */ = {
			isa = PBXGroup;
			children = (
				231FEE81321964943780BC00 /* LandmarkDetailsView.swift */,
			);
			path = View;
			sourceTree = "<group>";
		};
/* End PBXGroup section */

/* Begin PBXNativeTarget section */
		496A8BD22911786B00973A59 /* Places */ = {
			isa = PBXNativeTarget;
			buildConfigurationList = 496A8BE72911787400973A59 /* Build configuration list for PBXNativeTarget "Places" */;
			buildPhases = (
				496A8BCF2911786B00973A59 /* Sources */,
				496A8BD02911786B00973A59 /* Frameworks */,
				496A8BD12911786B00973A59 /* Resources */,
				49E15B0C2911C61700808829 /* Embed Frameworks */,
			);
			buildRules = (
			);
			dependencies = (
			);
			name = Places;
			productName = Places;
			productReference = 496A8BD32911786B00973A59 /* Places.app */;
			productType = "com.apple.product-type.application";
		};
		49E15AEE2911BD1500808829 /* PlacesTests */ = {
			isa = PBXNativeTarget;
			buildConfigurationList = 49E15AF52911BD1500808829 /* Build configuration list for PBXNativeTarget "PlacesTests" */;
			buildPhases = (
				49E15AEB2911BD1500808829 /* Sources */,
				49E15AEC2911BD1500808829 /* Frameworks */,
				49E15AED2911BD1500808829 /* Resources */,
				49E15B042911BE0200808829 /* CopyFiles */,
			);
			buildRules = (
			);
			dependencies = (
				49E15AF42911BD1500808829 /* PBXTargetDependency */,
			);
			name = PlacesTests;
			productName = PlacesTests;
			productReference = 49E15AEF2911BD1500808829 /* PlacesTests.xctest */;
			productType = "com.apple.product-type.bundle.unit-test";
		};
/* End PBXNativeTarget section */

/* Begin PBXProject section */
		496A8BCB2911786B00973A59 /* Project object */ = {
			isa = PBXProject;
			attributes = {
				BuildIndependentTargetsInParallel = 1;
				LastSwiftUpdateCheck = 1340;
				LastUpgradeCheck = 1340;
				TargetAttributes = {
					496A8BD22911786B00973A59 = {
						CreatedOnToolsVersion = 13.4.1;
					};
					49E15AEE2911BD1500808829 = {
						CreatedOnToolsVersion = 13.4.1;
						TestTargetID = 496A8BD22911786B00973A59;
					};
				};
			};
			buildConfigurationList = 496A8BCE2911786B00973A59 /* Build configuration list for PBXProject "Places" */;
			compatibilityVersion = "Xcode 13.0";
			developmentRegion = en;
			hasScannedForEncodings = 0;
			knownRegions = (
				en,
				Base,
			);
			mainGroup = 496A8BCA2911786B00973A59;
			productRefGroup = 496A8BD42911786B00973A59 /* Products */;
			projectDirPath = "";
			projectRoot = "";
			targets = (
				496A8BD22911786B00973A59 /* Places */,
				49E15AEE2911BD1500808829 /* PlacesTests */,
			);
		};
/* End PBXProject section */

/* Begin PBXResourcesBuildPhase section */
		496A8BD12911786B00973A59 /* Resources */ = {
			isa = PBXResourcesBuildPhase;
			buildActionMask = 2147483647;
			files = (
				496A8BE32911787400973A59 /* LaunchScreen.storyboard in Resources */,
				496A8BE02911787400973A59 /* Assets.xcassets in Resources */,
				493E4C1629125698006C95DF /* landmarkData.json in Resources */,
			);
			runOnlyForDeploymentPostprocessing = 0;
		};
		49E15AED2911BD1500808829 /* Resources */ = {
			isa = PBXResourcesBuildPhase;
			buildActionMask = 2147483647;
			files = (
			);
			runOnlyForDeploymentPostprocessing = 0;
		};
/* End PBXResourcesBuildPhase section */

/* Begin PBXSourcesBuildPhase section */
		496A8BCF2911786B00973A59 /* Sources */ = {
			isa = PBXSourcesBuildPhase;
			buildActionMask = 2147483647;
			files = (
				496A8BD72911786B00973A59 /* AppDelegate.swift in Sources */,
				496A8BD92911786B00973A59 /* SceneDelegate.swift in Sources */,
				A13F107AFCD8583F77617411 /* LandmarksBuilder.swift in Sources */,
				A99524A189569A750AF13E49 /* LandmarksViewController.swift in Sources */,
				49E15B082911BF7000808829 /* ModuleBuilder.swift in Sources */,
				A63078C43C322C06BBFBE0DA /* LandmarksInteractor.swift in Sources */,
				493E4C1829125919006C95DF /* DataProvider.swift in Sources */,
				AF9762B958D5AB105E3FB12B /* LandmarksPresenter.swift in Sources */,
				493E4C1F2912D2C7006C95DF /* Array.swift in Sources */,
				152765BB7C3DAED2241959B2 /* LandmarksDataFlow.swift in Sources */,
				809C0DAD05F33D3714BDA567 /* LandmarkModel.swift in Sources */,
				BC2A553231EAF3B31AB62082 /* LandmarksProvider.swift in Sources */,
				379FD39EE93A5F6F1FA6BCC8 /* LandmarksDataStore.swift in Sources */,
				F5F240AA27404D0DA881032D /* LandmarksService.swift in Sources */,
				E14DD687D1FFE2ACDE1B9044 /* LandmarksView.swift in Sources */,
				49E15AE52911AFE500808829 /* LandmarksTableDelegate.swift in Sources */,
				496A8BED2911A1EA00973A59 /* LandmarkCell.swift in Sources */,
				496A8BEF2911AC9500973A59 /* LandmarksTableDataSource.swift in Sources */,
				496A8BEB291190B100973A59 /* LandmarksViewModel.swift in Sources */,
				493E4C1C29129A19006C95DF /* LandmarksFavoriteSwitcherCell.swift in Sources */,
				BBDF811809488F0FD1C68288 /* LandmarkDetailsBuilder.swift in Sources */,
				E0251032B45835F00F8B4D9F /* LandmarkDetailsViewController.swift in Sources */,
				E71605BE194395699A664CD3 /* LandmarkDetailsInteractor.swift in Sources */,
				FEB75F5885FCB25FDEF917B1 /* LandmarkDetailsPresenter.swift in Sources */,
				0B20F9B9FA62F5726041AF14 /* LandmarkDetailsDataFlow.swift in Sources */,
				259751D8CCCB2D71C83AB919 /* LandmarkDetailsModel.swift in Sources */,
				B904F9E7EF6E578021682F54 /* LandmarkDetailsProvider.swift in Sources */,
				155791E455327096F7A6B8B4 /* LandmarkDetailsDataStore.swift in Sources */,
				F3125ADD48F48575F54E0829 /* LandmarkDetailsService.swift in Sources */,
				964FE2CDDD485355081A8BC5 /* LandmarkDetailsView.swift in Sources */,
			);
			runOnlyForDeploymentPostprocessing = 0;
		};
		49E15AEB2911BD1500808829 /* Sources */ = {
			isa = PBXSourcesBuildPhase;
			buildActionMask = 2147483647;
			files = (
				49E15AFA2911BD8100808829 /* PlacesInteractorTests.swift in Sources */,
				498971592912FD9B000E5281 /* LandmarkDetailsProviderTests.swift in Sources */,
				49E15AFC2911BD8100808829 /* PlacesServiceTests.swift in Sources */,
				498971562912FD9B000E5281 /* LandmarkDetailsModelTests.swift in Sources */,
				49E15AFE2911BD8100808829 /* PlacesProviderTests.swift in Sources */,
				49E15AF92911BD8100808829 /* PlacesViewControllerTests.swift in Sources */,
				49E15AF22911BD1500808829 /* PlacesTests.swift in Sources */,
				498971552912FD9B000E5281 /* LandmarkDetailsServiceTests.swift in Sources */,
				49E15AFD2911BD8100808829 /* PlacesBuilderTests.swift in Sources */,
				498971532912FD9B000E5281 /* LandmarkDetailsInteractorTests.swift in Sources */,
				498971542912FD9B000E5281 /* LandmarkDetailsPresenterTests.swift in Sources */,
				49E15AF82911BD8100808829 /* PlacesModelTests.swift in Sources */,
				498971572912FD9B000E5281 /* LandmarkDetailsViewControllerTests.swift in Sources */,
				498971582912FD9B000E5281 /* LandmarkDetailsBuilderTests.swift in Sources */,
				49E15AFB2911BD8100808829 /* PlacesPresenterTests.swift in Sources */,
			);
			runOnlyForDeploymentPostprocessing = 0;
		};
/* End PBXSourcesBuildPhase section */

/* Begin PBXTargetDependency section */
		49E15AF42911BD1500808829 /* PBXTargetDependency */ = {
			isa = PBXTargetDependency;
			target = 496A8BD22911786B00973A59 /* Places */;
			targetProxy = 49E15AF32911BD1500808829 /* PBXContainerItemProxy */;
		};
/* End PBXTargetDependency section */

/* Begin PBXVariantGroup section */
		496A8BE12911787400973A59 /* LaunchScreen.storyboard */ = {
			isa = PBXVariantGroup;
			children = (
				496A8BE22911787400973A59 /* Base */,
			);
			name = LaunchScreen.storyboard;
			sourceTree = "<group>";
		};
/* End PBXVariantGroup section */

/* Begin XCBuildConfiguration section */
		496A8BE52911787400973A59 /* Debug */ = {
			isa = XCBuildConfiguration;
			buildSettings = {
				ALWAYS_SEARCH_USER_PATHS = NO;
				CLANG_ANALYZER_NONNULL = YES;
				CLANG_ANALYZER_NUMBER_OBJECT_CONVERSION = YES_AGGRESSIVE;
				CLANG_CXX_LANGUAGE_STANDARD = "gnu++17";
				CLANG_ENABLE_MODULES = YES;
				CLANG_ENABLE_OBJC_ARC = YES;
				CLANG_ENABLE_OBJC_WEAK = YES;
				CLANG_WARN_BLOCK_CAPTURE_AUTORELEASING = YES;
				CLANG_WARN_BOOL_CONVERSION = YES;
				CLANG_WARN_COMMA = YES;
				CLANG_WARN_CONSTANT_CONVERSION = YES;
				CLANG_WARN_DEPRECATED_OBJC_IMPLEMENTATIONS = YES;
				CLANG_WARN_DIRECT_OBJC_ISA_USAGE = YES_ERROR;
				CLANG_WARN_DOCUMENTATION_COMMENTS = YES;
				CLANG_WARN_EMPTY_BODY = YES;
				CLANG_WARN_ENUM_CONVERSION = YES;
				CLANG_WARN_INFINITE_RECURSION = YES;
				CLANG_WARN_INT_CONVERSION = YES;
				CLANG_WARN_NON_LITERAL_NULL_CONVERSION = YES;
				CLANG_WARN_OBJC_IMPLICIT_RETAIN_SELF = YES;
				CLANG_WARN_OBJC_LITERAL_CONVERSION = YES;
				CLANG_WARN_OBJC_ROOT_CLASS = YES_ERROR;
				CLANG_WARN_QUOTED_INCLUDE_IN_FRAMEWORK_HEADER = YES;
				CLANG_WARN_RANGE_LOOP_ANALYSIS = YES;
				CLANG_WARN_STRICT_PROTOTYPES = YES;
				CLANG_WARN_SUSPICIOUS_MOVE = YES;
				CLANG_WARN_UNGUARDED_AVAILABILITY = YES_AGGRESSIVE;
				CLANG_WARN_UNREACHABLE_CODE = YES;
				CLANG_WARN__DUPLICATE_METHOD_MATCH = YES;
				COPY_PHASE_STRIP = NO;
				DEBUG_INFORMATION_FORMAT = dwarf;
				ENABLE_STRICT_OBJC_MSGSEND = YES;
				ENABLE_TESTABILITY = YES;
				GCC_C_LANGUAGE_STANDARD = gnu11;
				GCC_DYNAMIC_NO_PIC = NO;
				GCC_NO_COMMON_BLOCKS = YES;
				GCC_OPTIMIZATION_LEVEL = 0;
				GCC_PREPROCESSOR_DEFINITIONS = (
					"DEBUG=1",
					"$(inherited)",
				);
				GCC_WARN_64_TO_32_BIT_CONVERSION = YES;
				GCC_WARN_ABOUT_RETURN_TYPE = YES_ERROR;
				GCC_WARN_UNDECLARED_SELECTOR = YES;
				GCC_WARN_UNINITIALIZED_AUTOS = YES_AGGRESSIVE;
				GCC_WARN_UNUSED_FUNCTION = YES;
				GCC_WARN_UNUSED_VARIABLE = YES;
				IPHONEOS_DEPLOYMENT_TARGET = 13.0;
				MTL_ENABLE_DEBUG_INFO = INCLUDE_SOURCE;
				MTL_FAST_MATH = YES;
				ONLY_ACTIVE_ARCH = YES;
				SDKROOT = iphoneos;
				SWIFT_ACTIVE_COMPILATION_CONDITIONS = DEBUG;
				SWIFT_OPTIMIZATION_LEVEL = "-Onone";
			};
			name = Debug;
		};
		496A8BE62911787400973A59 /* Release */ = {
			isa = XCBuildConfiguration;
			buildSettings = {
				ALWAYS_SEARCH_USER_PATHS = NO;
				CLANG_ANALYZER_NONNULL = YES;
				CLANG_ANALYZER_NUMBER_OBJECT_CONVERSION = YES_AGGRESSIVE;
				CLANG_CXX_LANGUAGE_STANDARD = "gnu++17";
				CLANG_ENABLE_MODULES = YES;
				CLANG_ENABLE_OBJC_ARC = YES;
				CLANG_ENABLE_OBJC_WEAK = YES;
				CLANG_WARN_BLOCK_CAPTURE_AUTORELEASING = YES;
				CLANG_WARN_BOOL_CONVERSION = YES;
				CLANG_WARN_COMMA = YES;
				CLANG_WARN_CONSTANT_CONVERSION = YES;
				CLANG_WARN_DEPRECATED_OBJC_IMPLEMENTATIONS = YES;
				CLANG_WARN_DIRECT_OBJC_ISA_USAGE = YES_ERROR;
				CLANG_WARN_DOCUMENTATION_COMMENTS = YES;
				CLANG_WARN_EMPTY_BODY = YES;
				CLANG_WARN_ENUM_CONVERSION = YES;
				CLANG_WARN_INFINITE_RECURSION = YES;
				CLANG_WARN_INT_CONVERSION = YES;
				CLANG_WARN_NON_LITERAL_NULL_CONVERSION = YES;
				CLANG_WARN_OBJC_IMPLICIT_RETAIN_SELF = YES;
				CLANG_WARN_OBJC_LITERAL_CONVERSION = YES;
				CLANG_WARN_OBJC_ROOT_CLASS = YES_ERROR;
				CLANG_WARN_QUOTED_INCLUDE_IN_FRAMEWORK_HEADER = YES;
				CLANG_WARN_RANGE_LOOP_ANALYSIS = YES;
				CLANG_WARN_STRICT_PROTOTYPES = YES;
				CLANG_WARN_SUSPICIOUS_MOVE = YES;
				CLANG_WARN_UNGUARDED_AVAILABILITY = YES_AGGRESSIVE;
				CLANG_WARN_UNREACHABLE_CODE = YES;
				CLANG_WARN__DUPLICATE_METHOD_MATCH = YES;
				COPY_PHASE_STRIP = NO;
				DEBUG_INFORMATION_FORMAT = "dwarf-with-dsym";
				ENABLE_NS_ASSERTIONS = NO;
				ENABLE_STRICT_OBJC_MSGSEND = YES;
				GCC_C_LANGUAGE_STANDARD = gnu11;
				GCC_NO_COMMON_BLOCKS = YES;
				GCC_WARN_64_TO_32_BIT_CONVERSION = YES;
				GCC_WARN_ABOUT_RETURN_TYPE = YES_ERROR;
				GCC_WARN_UNDECLARED_SELECTOR = YES;
				GCC_WARN_UNINITIALIZED_AUTOS = YES_AGGRESSIVE;
				GCC_WARN_UNUSED_FUNCTION = YES;
				GCC_WARN_UNUSED_VARIABLE = YES;
				IPHONEOS_DEPLOYMENT_TARGET = 13.0;
				MTL_ENABLE_DEBUG_INFO = NO;
				MTL_FAST_MATH = YES;
				SDKROOT = iphoneos;
				SWIFT_COMPILATION_MODE = wholemodule;
				SWIFT_OPTIMIZATION_LEVEL = "-O";
				VALIDATE_PRODUCT = YES;
			};
			name = Release;
		};
		496A8BE82911787400973A59 /* Debug */ = {
			isa = XCBuildConfiguration;
			buildSettings = {
				ASSETCATALOG_COMPILER_APPICON_NAME = AppIcon;
				ASSETCATALOG_COMPILER_GLOBAL_ACCENT_COLOR_NAME = AccentColor;
				CODE_SIGN_STYLE = Automatic;
				CURRENT_PROJECT_VERSION = 1;
				DEVELOPMENT_TEAM = HPQTL9HB22;
				GENERATE_INFOPLIST_FILE = YES;
				INFOPLIST_FILE = Places/App/Info.plist;
				INFOPLIST_KEY_UIApplicationSupportsIndirectInputEvents = YES;
				INFOPLIST_KEY_UILaunchStoryboardName = LaunchScreen;
				INFOPLIST_KEY_UISupportedInterfaceOrientations = UIInterfaceOrientationPortrait;
				INFOPLIST_KEY_UISupportedInterfaceOrientations_iPad = UIInterfaceOrientationPortrait;
				INFOPLIST_KEY_UISupportedInterfaceOrientations_iPhone = UIInterfaceOrientationPortrait;
				LD_RUNPATH_SEARCH_PATHS = (
					"$(inherited)",
					"@executable_path/Frameworks",
				);
				MARKETING_VERSION = 1.0;
				PRODUCT_BUNDLE_IDENTIFIER = ru.aparc.Places;
				PRODUCT_NAME = "$(TARGET_NAME)";
				SWIFT_EMIT_LOC_STRINGS = YES;
				SWIFT_VERSION = 5.0;
				TARGETED_DEVICE_FAMILY = "1,2";
			};
			name = Debug;
		};
		496A8BE92911787400973A59 /* Release */ = {
			isa = XCBuildConfiguration;
			buildSettings = {
				ASSETCATALOG_COMPILER_APPICON_NAME = AppIcon;
				ASSETCATALOG_COMPILER_GLOBAL_ACCENT_COLOR_NAME = AccentColor;
				CODE_SIGN_STYLE = Automatic;
				CURRENT_PROJECT_VERSION = 1;
				DEVELOPMENT_TEAM = HPQTL9HB22;
				GENERATE_INFOPLIST_FILE = YES;
				INFOPLIST_FILE = Places/App/Info.plist;
				INFOPLIST_KEY_UIApplicationSupportsIndirectInputEvents = YES;
				INFOPLIST_KEY_UILaunchStoryboardName = LaunchScreen;
				INFOPLIST_KEY_UISupportedInterfaceOrientations = UIInterfaceOrientationPortrait;
				INFOPLIST_KEY_UISupportedInterfaceOrientations_iPad = UIInterfaceOrientationPortrait;
				INFOPLIST_KEY_UISupportedInterfaceOrientations_iPhone = UIInterfaceOrientationPortrait;
				LD_RUNPATH_SEARCH_PATHS = (
					"$(inherited)",
					"@executable_path/Frameworks",
				);
				MARKETING_VERSION = 1.0;
				PRODUCT_BUNDLE_IDENTIFIER = ru.aparc.Places;
				PRODUCT_NAME = "$(TARGET_NAME)";
				SWIFT_EMIT_LOC_STRINGS = YES;
				SWIFT_VERSION = 5.0;
				TARGETED_DEVICE_FAMILY = "1,2";
			};
			name = Release;
		};
		49E15AF62911BD1500808829 /* Debug */ = {
			isa = XCBuildConfiguration;
			buildSettings = {
				BUNDLE_LOADER = "$(TEST_HOST)";
				CODE_SIGN_STYLE = Automatic;
				CURRENT_PROJECT_VERSION = 1;
				DEVELOPMENT_TEAM = HPQTL9HB22;
				GENERATE_INFOPLIST_FILE = YES;
				IPHONEOS_DEPLOYMENT_TARGET = 15.5;
				MARKETING_VERSION = 1.0;
				PRODUCT_BUNDLE_IDENTIFIER = ru.aparc.PlacesTests;
				PRODUCT_NAME = "$(TARGET_NAME)";
				SWIFT_EMIT_LOC_STRINGS = NO;
				SWIFT_VERSION = 5.0;
				TARGETED_DEVICE_FAMILY = "1,2";
				TEST_HOST = "$(BUILT_PRODUCTS_DIR)/Places.app/Places";
			};
			name = Debug;
		};
		49E15AF72911BD1500808829 /* Release */ = {
			isa = XCBuildConfiguration;
			buildSettings = {
				BUNDLE_LOADER = "$(TEST_HOST)";
				CODE_SIGN_STYLE = Automatic;
				CURRENT_PROJECT_VERSION = 1;
				DEVELOPMENT_TEAM = HPQTL9HB22;
				GENERATE_INFOPLIST_FILE = YES;
				IPHONEOS_DEPLOYMENT_TARGET = 15.5;
				MARKETING_VERSION = 1.0;
				PRODUCT_BUNDLE_IDENTIFIER = ru.aparc.PlacesTests;
				PRODUCT_NAME = "$(TARGET_NAME)";
				SWIFT_EMIT_LOC_STRINGS = NO;
				SWIFT_VERSION = 5.0;
				TARGETED_DEVICE_FAMILY = "1,2";
				TEST_HOST = "$(BUILT_PRODUCTS_DIR)/Places.app/Places";
			};
			name = Release;
		};
/* End XCBuildConfiguration section */

/* Begin XCConfigurationList section */
		496A8BCE2911786B00973A59 /* Build configuration list for PBXProject "Places" */ = {
			isa = XCConfigurationList;
			buildConfigurations = (
				496A8BE52911787400973A59 /* Debug */,
				496A8BE62911787400973A59 /* Release */,
			);
			defaultConfigurationIsVisible = 0;
			defaultConfigurationName = Release;
		};
		496A8BE72911787400973A59 /* Build configuration list for PBXNativeTarget "Places" */ = {
			isa = XCConfigurationList;
			buildConfigurations = (
				496A8BE82911787400973A59 /* Debug */,
				496A8BE92911787400973A59 /* Release */,
			);
			defaultConfigurationIsVisible = 0;
			defaultConfigurationName = Release;
		};
		49E15AF52911BD1500808829 /* Build configuration list for PBXNativeTarget "PlacesTests" */ = {
			isa = XCConfigurationList;
			buildConfigurations = (
				49E15AF62911BD1500808829 /* Debug */,
				49E15AF72911BD1500808829 /* Release */,
			);
			defaultConfigurationIsVisible = 0;
			defaultConfigurationName = Release;
		};
/* End XCConfigurationList section */
	};
	rootObject = 496A8BCB2911786B00973A59 /* Project object */;
}
